
Microsoft Visual Studio Solution File, Format Version 12.00
# Visual Studio Version 17
VisualStudioVersion = 17.6.33815.320
MinimumVisualStudioVersion = 10.0.40219.1
Project("{FAE04EC0-301F-11D3-BF4B-00C04F79EFBC}") = "Backend_LeLire", "Backend_LeLire.csproj", "{BA23CF12-8B71-421F-BEF4-914CF65CB37C}"
EndProject
Global
	GlobalSection(SolutionConfigurationPlatforms) = preSolution
		Debug|Any CPU = Debug|Any CPU
		Release|Any CPU = Release|Any CPU
	EndGlobalSection
	GlobalSection(ProjectConfigurationPlatforms) = postSolution
		{BA23CF12-8B71-421F-BEF4-914CF65CB37C}.Debug|Any CPU.ActiveCfg = Debug|Any CPU
		{BA23CF12-8B71-421F-BEF4-914CF65CB37C}.Debug|Any CPU.Build.0 = Debug|Any CPU
		{BA23CF12-8B71-421F-BEF4-914CF65CB37C}.Release|Any CPU.ActiveCfg = Release|Any CPU
		{BA23CF12-8B71-421F-BEF4-914CF65CB37C}.Release|Any CPU.Build.0 = Release|Any CPU
	EndGlobalSection
	GlobalSection(SolutionProperties) = preSolution
		HideSolutionNode = FALSE
	EndGlobalSection
	GlobalSection(ExtensibilityGlobals) = postSolution
		SolutionGuid = {E0533099-531C-4872-81EC-B5C018DE3FB9}
	EndGlobalSection
EndGlobal
